Microsoft Visual Studio Solution File, Format Version 12.00
# Visual Studio Version 17
VisualStudioVersion = 17.5.2.0
MinimumVisualStudioVersion = 10.0.40219.1
Project("{FAE04EC0-301F-11D3-BF4B-00C04F79EFBC}") = "API_folder", "API_folder\API_folder.csproj", "{51FB4D46-9068-42A6-5ACA-D11BB4AE6338}"
EndProject
Global
	GlobalSection(SolutionConfigurationPlatforms) = preSolution
		Debug|Any CPU = Debug|Any CPU
		Release|Any CPU = Release|Any CPU
	EndGlobalSection
	GlobalSection(ProjectConfigurationPlatforms) = postSolution
		{51FB4D46-9068-42A6-5ACA-D11BB4AE6338}.Debug|Any CPU.ActiveCfg = Debug|Any CPU
		{51FB4D46-9068-42A6-5ACA-D11BB4AE6338}.Debug|Any CPU.Build.0 = Debug|Any CPU
		{51FB4D46-9068-42A6-5ACA-D11BB4AE6338}.Release|Any CPU.ActiveCfg = Release|Any CPU
		{51FB4D46-9068-42A6-5ACA-D11BB4AE6338}.Release|Any CPU.Build.0 = Release|Any CPU
	EndGlobalSection
	GlobalSection(SolutionProperties) = preSolution
		HideSolutionNode = FALSE
	EndGlobalSection
	GlobalSection(ExtensibilityGlobals) = postSolution
		SolutionGuid = {88C2AE1A-34FF-4AF7-B7D3-0FF0E2C4406D}
	EndGlobalSection
EndGlobal
